
Microsoft Visual Studio Solution File, Format Version 12.00
# Visual Studio Version 17
VisualStudioVersion = 17.0.32112.339
MinimumVisualStudioVersion = 10.0.40219.1
Project("{FAE04EC0-301F-11D3-BF4B-00C04F79EFBC}") = "AzurePipeline", "AzurePipeline\AzurePipeline.csproj", "{3EF3C4F1-8A80-4DBE-97EE-83A85A9FCEE9}"
EndProject
Global
	GlobalSection(SolutionConfigurationPlatforms) = preSolution
		Debug|Any CPU = Debug|Any CPU
		Release|Any CPU = Release|Any CPU
	EndGlobalSection
	GlobalSection(ProjectConfigurationPlatforms) = postSolution
		{3EF3C4F1-8A80-4DBE-97EE-83A85A9FCEE9}.Debug|Any CPU.ActiveCfg = Debug|Any CPU
		{3EF3C4F1-8A80-4DBE-97EE-83A85A9FCEE9}.Debug|Any CPU.Build.0 = Debug|Any CPU
		{3EF3C4F1-8A80-4DBE-97EE-83A85A9FCEE9}.Release|Any CPU.ActiveCfg = Release|Any CPU
		{3EF3C4F1-8A80-4DBE-97EE-83A85A9FCEE9}.Release|Any CPU.Build.0 = Release|Any CPU
	EndGlobalSection
	GlobalSection(SolutionProperties) = preSolution
		HideSolutionNode = FALSE
	EndGlobalSection
	GlobalSection(ExtensibilityGlobals) = postSolution
		SolutionGuid = {F09B0ACF-6375-40CE-AC7B-7B69E0A974FC}
	EndGlobalSection
EndGlobal
